
Microsoft Visual Studio Solution File, Format Version 12.00
# Visual Studio Version 16
VisualStudioVersion = 16.0.29519.181
MinimumVisualStudioVersion = 10.0.40219.1
Project("{2150E333-8FDC-42A3-9474-1A3956D46DE8}") = "Config", "Config", "{6BDAE5C1-D308-42EF-8B1C-60964D58A384}"
ProjectSection(SolutionItems) = preProject
	CodeAnalysis.ruleset = CodeAnalysis.ruleset
	global.json = global.json
	..\CHANGELOG.md = ..\CHANGELOG.md
	..\README.md = ..\README.md
EndProjectSection
EndProject
Project("{FAE04EC0-301F-11D3-BF4B-00C04F79EFBC}") = "Credfeto.Extensions.Linq", "Credfeto.Extensions.Linq\Credfeto.Extensions.Linq.csproj", "{BD407731-59AD-47EB-81FF-CA71BDFAF088}"
EndProject
Project("{FAE04EC0-301F-11D3-BF4B-00C04F79EFBC}") = "Credfeto.Extensions.Linq.Tests", "Credfeto.Extensions.Linq.Tests\Credfeto.Extensions.Linq.Tests.csproj", "{6F8C51A1-BA0E-40E9-8F2F-71B8EF8E7DEB}"
EndProject
Project("{FAE04EC0-301F-11D3-BF4B-00C04F79EFBC}") = "Credfeto.Extensions.Linq.Benchmarks", "Credfeto.Extensions.Linq.Benchmarks\Credfeto.Extensions.Linq.Benchmarks.csproj", "{AFBBFB63-189A-4085-9B8B-2DA2753670E5}"
EndProject
Global
	GlobalSection(ProjectConfigurationPlatforms) = postSolution
		{BD407731-59AD-47EB-81FF-CA71BDFAF088}.Debug|Any CPU.ActiveCfg = Debug|Any CPU
		{BD407731-59AD-47EB-81FF-CA71BDFAF088}.Debug|Any CPU.Build.0 = Debug|Any CPU
		{BD407731-59AD-47EB-81FF-CA71BDFAF088}.Release|Any CPU.ActiveCfg = Release|Any CPU
		{BD407731-59AD-47EB-81FF-CA71BDFAF088}.Release|Any CPU.Build.0 = Release|Any CPU
		{6F8C51A1-BA0E-40E9-8F2F-71B8EF8E7DEB}.Debug|Any CPU.ActiveCfg = Debug|Any CPU
		{6F8C51A1-BA0E-40E9-8F2F-71B8EF8E7DEB}.Debug|Any CPU.Build.0 = Debug|Any CPU
		{6F8C51A1-BA0E-40E9-8F2F-71B8EF8E7DEB}.Release|Any CPU.ActiveCfg = Release|Any CPU
		{6F8C51A1-BA0E-40E9-8F2F-71B8EF8E7DEB}.Release|Any CPU.Build.0 = Release|Any CPU
		{AFBBFB63-189A-4085-9B8B-2DA2753670E5}.Debug|Any CPU.ActiveCfg = Debug|Any CPU
		{AFBBFB63-189A-4085-9B8B-2DA2753670E5}.Debug|Any CPU.Build.0 = Debug|Any CPU
		{AFBBFB63-189A-4085-9B8B-2DA2753670E5}.Release|Any CPU.ActiveCfg = Release|Any CPU
		{AFBBFB63-189A-4085-9B8B-2DA2753670E5}.Release|Any CPU.Build.0 = Release|Any CPU
	EndGlobalSection
	GlobalSection(SolutionConfigurationPlatforms) = preSolution
		Debug|Any CPU = Debug|Any CPU
		Release|Any CPU = Release|Any CPU
	EndGlobalSection
EndGlobal
